# This file is autogenerated, do not edit; changes may be undone by the next 'dep ensure'.


[[projects]]
  branch = "master"
  name = "github.com/gobwas/httphead"
  packages = ["."]
  revision = "2c6c146eadee0b69f856f87e3e9f1d0cd6aad2f5"

[[projects]]
  name = "github.com/gobwas/pool"
  packages = [
    ".",
    "internal/pmath",
    "pbufio"
  ]
  revision = "fa3125c39d7eca32e1387bb69b1b38dcb31b1e0b"
  version = "v0.2.0"

[[projects]]
  name = "github.com/gobwas/ws"
  packages = ["."]
  revision = "b93773f50025fc1c14bbd7e97a3b170aae9a0977"
  version = "v0.1.0"

[[projects]]
  name = "github.com/golang/protobuf"
  packages = ["proto"]
  revision = "aa810b61a9c79d51363740d207bb46cf8e620ed5"
  version = "v1.2.0"

[[projects]]
  branch = "master"
  name = "github.com/mailru/easygo"
  packages = ["netpoll"]
  revision = "0c8322a753d040315fe938f6d1307cdebbe395c8"

[[projects]]
  branch = "master"
  name = "github.com/mediocregopher/radix.v2"
  packages = [
    "pool",
    "pubsub",
    "redis",
    "sentinel"
  ]
  revision = "b67df6e626f993b64b3ca9f4b8630900e61002e3"

[[projects]]
  branch = "master"
  name = "github.com/orcaman/concurrent-map"
  packages = ["."]
  revision = "b28018939af9022337862b94a463abb18abb3e0e"

[[projects]]
  branch = "master"
  name = "golang.org/x/sys"
  packages = ["unix"]
  revision = "e072cadbbdc8dd3d3ffa82b8b4b9304c261d9311"

[solve-meta]
  analyzer-name = "dep"
  analyzer-version = 1
  inputs-digest = "64ed9829f7dcc4df93067d0e7718232dea23579cd972008c6db405c92d69949f"
  solver-name = "gps-cdcl"
  solver-version = 1
